// !$*UTF8*$!
{
	archiveVersion = 1;
	classes = {
	};
	objectVersion = 46;
	objects = {

/* Begin PBXBuildFile section */
		84D46D071DAB4C5000D8E036 /* AppDelegate.swift in Sources */ = {isa = PBXBuildFile; fileRef = 84D46D061DAB4C5000D8E036 /* AppDelegate.swift */; };
		84D46D091DAB4C5000D8E036 /* ViewController.swift in Sources */ = {isa = PBXBuildFile; fileRef = 84D46D081DAB4C5000D8E036 /* ViewController.swift */; };
		84D46D0C1DAB4C5100D8E036 /* Main.storyboard in Resources */ = {isa = PBXBuildFile; fileRef = 84D46D0A1DAB4C5100D8E036 /* Main.storyboard */; };
		84D46D0E1DAB4C5100D8E036 /* Assets.xcassets in Resources */ = {isa = PBXBuildFile; fileRef = 84D46D0D1DAB4C5100D8E036 /* Assets.xcassets */; };
		84D46D111DAB4C5100D8E036 /* LaunchScreen.storyboard in Resources */ = {isa = PBXBuildFile; fileRef = 84D46D0F1DAB4C5100D8E036 /* LaunchScreen.storyboard */; };
/* End PBXBuildFile section */

/* Begin PBXFileReference section */
		84D46D031DAB4C5000D8E036 /* Pinache.app */ = {isa = PBXFileReference; explicitFileType = wrapper.application; includeInIndex = 0; path = Pinache.app; sourceTree = BUILT_PRODUCTS_DIR; };
		84D46D061DAB4C5000D8E036 /* AppDelegate.swift */ = {isa = PBXFileReference; lastKnownFileType = sourcecode.swift; path = AppDelegate.swift; sourceTree = "<group>"; };
		84D46D081DAB4C5000D8E036 /* ViewController.swift */ = {isa = PBXFileReference; lastKnownFileType = sourcecode.swift; path = ViewController.swift; sourceTree = "<group>"; };
		84D46D0B1DAB4C5100D8E036 /* Base */ = {isa = PBXFileReference; lastKnownFileType = file.storyboard; name = Base; path = Base.lproj/Main.storyboard; sourceTree = "<group>"; };
		84D46D0D1DAB4C5100D8E036 /* Assets.xcassets */ = {isa = PBXFileReference; lastKnownFileType = folder.assetcatalog; path = Assets.xcassets; sourceTree = "<group>"; };
		84D46D101DAB4C5100D8E036 /* Base */ = {isa = PBXFileReference; lastKnownFileType = file.storyboard; name = Base; path = Base.lproj/LaunchScreen.storyboard; sourceTree = "<group>"; };
		84D46D121DAB4C5100D8E036 /* Info.plist */ = {isa = PBXFileReference; lastKnownFileType = text.plist.xml; path = Info.plist; sourceTree = "<group>"; };
/* End PBXFileReference section */

/* Begin PBXFrameworksBuildPhase section */
		84D46D001DAB4C5000D8E036 /* Frameworks */ = {
			isa = PBXFrameworksBuildPhase;
			buildActionMask = 2147483647;
			files = (
			);
			runOnlyForDeploymentPostprocessing = 0;
		};
/* End PBXFrameworksBuildPhase section */

/* Begin PBXGroup section */
		84D46CFA1DAB4C5000D8E036 = {
			isa = PBXGroup;
			children = (
				84D46D051DAB4C5000D8E036 /* Pinache */,
				84D46D041DAB4C5000D8E036 /* Products */,
			);
			sourceTree = "<group>";
		};
		84D46D041DAB4C5000D8E036 /* Products */ = {
			isa = PBXGroup;
			children = (
				84D46D031DAB4C5000D8E036 /* Pinache.app */,
			);
			name = Products;
			sourceTree = "<group>";
		};
		84D46D051DAB4C5000D8E036 /* Pinache */ = {
			isa = PBXGroup;
			children = (
				84D46D061DAB4C5000D8E036 /* AppDelegate.swift */,
				84D46D081DAB4C5000D8E036 /* ViewController.swift */,
				84D46D0A1DAB4C5100D8E036 /* Main.storyboard */,
				84D46D0D1DAB4C5100D8E036 /* Assets.xcassets */,
				84D46D0F1DAB4C5100D8E036 /* LaunchScreen.storyboard */,
				84D46D121DAB4C5100D8E036 /* Info.plist */,
			);
			path = Pinache;
			sourceTree = "<group>";
		};
/* End PBXGroup section */

/* Begin PBXNativeTarget section */
		84D46D021DAB4C5000D8E036 /* Pinache */ = {
			isa = PBXNativeTarget;
			buildConfigurationList = 84D46D151DAB4C5100D8E036 /* Build configuration list for PBXNativeTarget "Pinache" */;
			buildPhases = (
				84D46CFF1DAB4C5000D8E036 /* Sources */,
				84D46D001DAB4C5000D8E036 /* Frameworks */,
				84D46D011DAB4C5000D8E036 /* Resources */,
			);
			buildRules = (
			);
			dependencies = (
			);
			name = Pinache;
			productName = Pinache;
			productReference = 84D46D031DAB4C5000D8E036 /* Pinache.app */;
			productType = "com.apple.product-type.application";
		};
/* End PBXNativeTarget section */

/* Begin PBXProject section */
		84D46CFB1DAB4C5000D8E036 /* Project object */ = {
			isa = PBXProject;
			attributes = {
				LastSwiftUpdateCheck = 0810;
				LastUpgradeCheck = 0810;
				ORGANIZATIONNAME = "Jett Raines";
				TargetAttributes = {
					84D46D021DAB4C5000D8E036 = {
						CreatedOnToolsVersion = 8.1;
						DevelopmentTeam = 23E573245P;
						ProvisioningStyle = Automatic;
					};
				};
			};
			buildConfigurationList = 84D46CFE1DAB4C5000D8E036 /* Build configuration list for PBXProject "Pinache" */;
			compatibilityVersion = "Xcode 3.2";
			developmentRegion = English;
			hasScannedForEncodings = 0;
			knownRegions = (
				en,
				Base,
			);
			mainGroup = 84D46CFA1DAB4C5000D8E036;
			productRefGroup = 84D46D041DAB4C5000D8E036 /* Products */;
			projectDirPath = "";
			projectRoot = "";
			targets = (
				84D46D021DAB4C5000D8E036 /* Pinache */,
			);
		};
/* End PBXProject section */

/* Begin PBXResourcesBuildPhase section */
		84D46D011DAB4C5000D8E036 /* Resources */ = {
			isa = PBXResourcesBuildPhase;
			buildActionMask = 2147483647;
			files = (
				84D46D111DAB4C5100D8E036 /* LaunchScreen.storyboard in Resources */,
				84D46D0E1DAB4C5100D8E036 /* Assets.xcassets in Resources */,
				84D46D0C1DAB4C5100D8E036 /* Main.storyboard in Resources */,
			);
			runOnlyForDeploymentPostprocessing = 0;
		};
/* End PBXResourcesBuildPhase section */

/* Begin PBXSourcesBuildPhase section */
		84D46CFF1DAB4C5000D8E036 /* Sources */ = {
			isa = PBXSourcesBuildPhase;
			buildActionMask = 2147483647;
			files = (
				84D46D091DAB4C5000D8E036 /* ViewController.swift in Sources */,
				84D46D071DAB4C5000D8E036 /* AppDelegate.swift in Sources */,
			);
			runOnlyForDeploymentPostprocessing = 0;
		};
/* End PBXSourcesBuildPhase section */

/* Begin PBXVariantGroup section */
		84D46D0A1DAB4C5100D8E036 /* Main.storyboard */ = {
			isa = PBXVariantGroup;
			children = (
				84D46D0B1DAB4C5100D8E036 /* Base */,
			);
			name = Main.storyboard;
			sourceTree = "<group>";
		};
		84D46D0F1DAB4C5100D8E036 /* LaunchScreen.storyboard */ = {
			isa = PBXVariantGroup;
			children = (
				84D46D101DAB4C5100D8E036 /* Base */,
			);
			name = LaunchScreen.storyboard;
			sourceTree = "<group>";
		};
/* End PBXVariantGroup section */

/* Begin XCBuildConfiguration section */
		84D46D131DAB4C5100D8E036 /* Debug */ = {
			isa = XCBuildConfiguration;
			buildSettings = {
				ALWAYS_SEARCH_USER_PATHS = NO;
				CLANG_ANALYZER_NONNULL = YES;
				CLANG_CXX_LANGUAGE_STANDARD = "gnu++0x";
				CLANG_CXX_LIBRARY = "libc++";
				CLANG_ENABLE_MODULES = YES;
				CLANG_ENABLE_OBJC_ARC = YES;
				CLANG_WARN_BOOL_CONVERSION = YES;
				CLANG_WARN_CONSTANT_CONVERSION = YES;
				CLANG_WARN_DIRECT_OBJC_ISA_USAGE = YES_ERROR;
				CLANG_WARN_DOCUMENTATION_COMMENTS = YES;
				CLANG_WARN_EMPTY_BODY = YES;
				CLANG_WARN_ENUM_CONVERSION = YES;
				CLANG_WARN_INFINITE_RECURSION = YES;
				CLANG_WARN_INT_CONVERSION = YES;
				CLANG_WARN_OBJC_ROOT_CLASS = YES_ERROR;
				CLANG_WARN_SUSPICIOUS_MOVES = YES;
				CLANG_WARN_UNREACHABLE_CODE = YES;
				CLANG_WARN__DUPLICATE_METHOD_MATCH = YES;
				"CODE_SIGN_IDENTITY[sdk=iphoneos*]" = "iPhone Developer";
				COPY_PHASE_STRIP = NO;
				DEBUG_INFORMATION_FORMAT = dwarf;
				ENABLE_STRICT_OBJC_MSGSEND = YES;
				ENABLE_TESTABILITY = YES;
				GCC_C_LANGUAGE_STANDARD = gnu99;
				GCC_DYNAMIC_NO_PIC = NO;
				GCC_NO_COMMON_BLOCKS = YES;
				GCC_OPTIMIZATION_LEVEL = 0;
				GCC_PREPROCESSOR_DEFINITIONS = (
					"DEBUG=1",
					"$(inherited)",
				);
				GCC_WARN_64_TO_32_BIT_CONVERSION = YES;
				GCC_WARN_ABOUT_RETURN_TYPE = YES_ERROR;
				GCC_WARN_UNDECLARED_SELECTOR = YES;
				GCC_WARN_UNINITIALIZED_AUTOS = YES_AGGRESSIVE;
				GCC_WARN_UNUSED_FUNCTION = YES;
				GCC_WARN_UNUSED_VARIABLE = YES;
				IPHONEOS_DEPLOYMENT_TARGET = 10.1;
				MTL_ENABLE_DEBUG_INFO = YES;
				ONLY_ACTIVE_ARCH = YES;
				SDKROOT = iphoneos;
				SWIFT_ACTIVE_COMPILATION_CONDITIONS = DEBUG;
				SWIFT_OPTIMIZATION_LEVEL = "-Onone";
				TARGETED_DEVICE_FAMILY = "1,2";
			};
			name = Debug;
		};
		84D46D141DAB4C5100D8E036 /* Release */ = {
			isa = XCBuildConfiguration;
			buildSettings = {
				ALWAYS_SEARCH_USER_PATHS = NO;
				CLANG_ANALYZER_NONNULL = YES;
				CLANG_CXX_LANGUAGE_STANDARD = "gnu++0x";
				CLANG_CXX_LIBRARY = "libc++";
				CLANG_ENABLE_MODULES = YES;
				CLANG_ENABLE_OBJC_ARC = YES;
				CLANG_WARN_BOOL_CONVERSION = YES;
				CLANG_WARN_CONSTANT_CONVERSION = YES;
				CLANG_WARN_DIRECT_OBJC_ISA_USAGE = YES_ERROR;
				CLANG_WARN_DOCUMENTATION_COMMENTS = YES;
				CLANG_WARN_EMPTY_BODY = YES;
				CLANG_WARN_ENUM_CONVERSION = YES;
				CLANG_WARN_INFINITE_RECURSION = YES;
				CLANG_WARN_INT_CONVERSION = YES;
				CLANG_WARN_OBJC_ROOT_CLASS = YES_ERROR;
				CLANG_WARN_SUSPICIOUS_MOVES = YES;
				CLANG_WARN_UNREACHABLE_CODE = YES;
				CLANG_WARN__DUPLICATE_METHOD_MATCH = YES;
				"CODE_SIGN_IDENTITY[sdk=iphoneos*]" = "iPhone Developer";
				COPY_PHASE_STRIP = NO;
				DEBUG_INFORMATION_FORMAT = "dwarf-with-dsym";
				ENABLE_NS_ASSERTIONS = NO;
				ENABLE_STRICT_OBJC_MSGSEND = YES;
				GCC_C_LANGUAGE_STANDARD = gnu99;
				GCC_NO_COMMON_BLOCKS = YES;
				GCC_WARN_64_TO_32_BIT_CONVERSION = YES;
				GCC_WARN_ABOUT_RETURN_TYPE = YES_ERROR;
				GCC_WARN_UNDECLARED_SELECTOR = YES;
				GCC_WARN_UNINITIALIZED_AUTOS = YES_AGGRESSIVE;
				GCC_WARN_UNUSED_FUNCTION = YES;
				GCC_WARN_UNUSED_VARIABLE = YES;
				IPHONEOS_DEPLOYMENT_TARGET = 10.1;
				MTL_ENABLE_DEBUG_INFO = NO;
				SDKROOT = iphoneos;
				SWIFT_OPTIMIZATION_LEVEL = "-Owholemodule";
				TARGETED_DEVICE_FAMILY = "1,2";
				VALIDATE_PRODUCT = YES;
			};
			name = Release;
		};
		84D46D161DAB4C5100D8E036 /* Debug */ = {
			isa = XCBuildConfiguration;
			buildSettings = {
				ASSETCATALOG_COMPILER_APPICON_NAME = AppIcon;
				DEVELOPMENT_TEAM = 23E573245P;
				INFOPLIST_FILE = Pinache/Info.plist;
				LD_RUNPATH_SEARCH_PATHS = "$(inherited) @executable_path/Frameworks";
				PRODUCT_BUNDLE_IDENTIFIER = com.jettraines.Pinache;
				PRODUCT_NAME = "$(TARGET_NAME)";
				SWIFT_VERSION = 3.0;
			};
			name = Debug;
		};
		84D46D171DAB4C5100D8E036 /* Release */ = {
			isa = XCBuildConfiguration;
			buildSettings = {
				ASSETCATALOG_COMPILER_APPICON_NAME = AppIcon;
				DEVELOPMENT_TEAM = 23E573245P;
				INFOPLIST_FILE = Pinache/Info.plist;
				LD_RUNPATH_SEARCH_PATHS = "$(inherited) @executable_path/Frameworks";
				PRODUCT_BUNDLE_IDENTIFIER = com.jettraines.Pinache;
				PRODUCT_NAME = "$(TARGET_NAME)";
				SWIFT_VERSION = 3.0;
			};
			name = Release;
		};
/* End XCBuildConfiguration section */

/* Begin XCConfigurationList section */
		84D46CFE1DAB4C5000D8E036 /* Build configuration list for PBXProject "Pinache" */ = {
			isa = XCConfigurationList;
			buildConfigurations = (
				84D46D131DAB4C5100D8E036 /* Debug */,
				84D46D141DAB4C5100D8E036 /* Release */,
			);
			defaultConfigurationIsVisible = 0;
			defaultConfigurationName = Release;
		};
		84D46D151DAB4C5100D8E036 /* Build configuration list for PBXNativeTarget "Pinache" */ = {
			isa = XCConfigurationList;
			buildConfigurations = (
				84D46D161DAB4C5100D8E036 /* Debug */,
				84D46D171DAB4C5100D8E036 /* Release */,
			);
			defaultConfigurationIsVisible = 0;
		};
/* End XCConfigurationList section */
	};
	rootObject = 84D46CFB1DAB4C5000D8E036 /* Project object */;
}
