// !$*UTF8*$!
{
	archiveVersion = 1;
	classes = {
	};
	objectVersion = 46;
	objects = {

/* Begin PBXBuildFile section */
		68F80045CAF0C9D3F18C3EE5 /* Pods_Pinache.framework in Frameworks */ = {isa = PBXBuildFile; fileRef = C1C0EA5879B2C326FC15EB2B /* Pods_Pinache.framework */; };
		841EF6F31DAB60BD005C4D16 /* FancyView.swift in Sources */ = {isa = PBXBuildFile; fileRef = 841EF6F21DAB60BD005C4D16 /* FancyView.swift */; };
		841EF6F61DAB61BE005C4D16 /* Constants.swift in Sources */ = {isa = PBXBuildFile; fileRef = 841EF6F51DAB61BE005C4D16 /* Constants.swift */; };
		841EF6F81DAB63B1005C4D16 /* RoundBtn.swift in Sources */ = {isa = PBXBuildFile; fileRef = 841EF6F71DAB63B1005C4D16 /* RoundBtn.swift */; };
		841EF6FA1DAB65AE005C4D16 /* FancyField.swift in Sources */ = {isa = PBXBuildFile; fileRef = 841EF6F91DAB65AE005C4D16 /* FancyField.swift */; };
		841EF6FC1DAB6727005C4D16 /* FancyButton.swift in Sources */ = {isa = PBXBuildFile; fileRef = 841EF6FB1DAB6727005C4D16 /* FancyButton.swift */; };
		8437B0111DAC195300585B47 /* FeedVC.swift in Sources */ = {isa = PBXBuildFile; fileRef = 8437B0101DAC195300585B47 /* FeedVC.swift */; };
		8437B0131DAC34A200585B47 /* CircleView.swift in Sources */ = {isa = PBXBuildFile; fileRef = 8437B0121DAC34A200585B47 /* CircleView.swift */; };
		8437B0151DAC3EF300585B47 /* PostCell.swift in Sources */ = {isa = PBXBuildFile; fileRef = 8437B0141DAC3EF300585B47 /* PostCell.swift */; };
		8437B0181DAC504500585B47 /* DataService.swift in Sources */ = {isa = PBXBuildFile; fileRef = 8437B0171DAC504500585B47 /* DataService.swift */; };
		84D46D071DAB4C5000D8E036 /* AppDelegate.swift in Sources */ = {isa = PBXBuildFile; fileRef = 84D46D061DAB4C5000D8E036 /* AppDelegate.swift */; };
		84D46D091DAB4C5000D8E036 /* SignInVC.swift in Sources */ = {isa = PBXBuildFile; fileRef = 84D46D081DAB4C5000D8E036 /* SignInVC.swift */; };
		84D46D0C1DAB4C5100D8E036 /* Main.storyboard in Resources */ = {isa = PBXBuildFile; fileRef = 84D46D0A1DAB4C5100D8E036 /* Main.storyboard */; };
		84D46D0E1DAB4C5100D8E036 /* Assets.xcassets in Resources */ = {isa = PBXBuildFile; fileRef = 84D46D0D1DAB4C5100D8E036 /* Assets.xcassets */; };
		84D46D111DAB4C5100D8E036 /* LaunchScreen.storyboard in Resources */ = {isa = PBXBuildFile; fileRef = 84D46D0F1DAB4C5100D8E036 /* LaunchScreen.storyboard */; };
		84D46D191DAB4D2D00D8E036 /* GoogleService-Info.plist in Resources */ = {isa = PBXBuildFile; fileRef = 84D46D181DAB4D2D00D8E036 /* GoogleService-Info.plist */; };
/* End PBXBuildFile section */

/* Begin PBXFileReference section */
		4D4236A182107F4EA77781B0 /* Pods-Pinache.release.xcconfig */ = {isa = PBXFileReference; includeInIndex = 1; lastKnownFileType = text.xcconfig; name = "Pods-Pinache.release.xcconfig"; path = "Pods/Target Support Files/Pods-Pinache/Pods-Pinache.release.xcconfig"; sourceTree = "<group>"; };
		841EF6F21DAB60BD005C4D16 /* FancyView.swift */ = {isa = PBXFileReference; fileEncoding = 4; lastKnownFileType = sourcecode.swift; path = FancyView.swift; sourceTree = "<group>"; };
		841EF6F51DAB61BE005C4D16 /* Constants.swift */ = {isa = PBXFileReference; fileEncoding = 4; lastKnownFileType = sourcecode.swift; path = Constants.swift; sourceTree = "<group>"; };
		841EF6F71DAB63B1005C4D16 /* RoundBtn.swift */ = {isa = PBXFileReference; fileEncoding = 4; lastKnownFileType = sourcecode.swift; path = RoundBtn.swift; sourceTree = "<group>"; };
		841EF6F91DAB65AE005C4D16 /* FancyField.swift */ = {isa = PBXFileReference; fileEncoding = 4; lastKnownFileType = sourcecode.swift; path = FancyField.swift; sourceTree = "<group>"; };
		841EF6FB1DAB6727005C4D16 /* FancyButton.swift */ = {isa = PBXFileReference; fileEncoding = 4; lastKnownFileType = sourcecode.swift; path = FancyButton.swift; sourceTree = "<group>"; };
		8437B0101DAC195300585B47 /* FeedVC.swift */ = {isa = PBXFileReference; fileEncoding = 4; lastKnownFileType = sourcecode.swift; path = FeedVC.swift; sourceTree = "<group>"; };
		8437B0121DAC34A200585B47 /* CircleView.swift */ = {isa = PBXFileReference; fileEncoding = 4; lastKnownFileType = sourcecode.swift; path = CircleView.swift; sourceTree = "<group>"; };
		8437B0141DAC3EF300585B47 /* PostCell.swift */ = {isa = PBXFileReference; fileEncoding = 4; lastKnownFileType = sourcecode.swift; path = PostCell.swift; sourceTree = "<group>"; };
		8437B0171DAC504500585B47 /* DataService.swift */ = {isa = PBXFileReference; fileEncoding = 4; lastKnownFileType = sourcecode.swift; path = DataService.swift; sourceTree = "<group>"; };
		84A124141DAB7CA10036A299 /* Pinache.entitlements */ = {isa = PBXFileReference; lastKnownFileType = text.plist.entitlements; path = Pinache.entitlements; sourceTree = "<group>"; };
		84D46D031DAB4C5000D8E036 /* Pinache.app */ = {isa = PBXFileReference; explicitFileType = wrapper.application; includeInIndex = 0; path = Pinache.app; sourceTree = BUILT_PRODUCTS_DIR; };
		84D46D061DAB4C5000D8E036 /* AppDelegate.swift */ = {isa = PBXFileReference; lastKnownFileType = sourcecode.swift; path = AppDelegate.swift; sourceTree = "<group>"; };
		84D46D081DAB4C5000D8E036 /* SignInVC.swift */ = {isa = PBXFileReference; lastKnownFileType = sourcecode.swift; path = SignInVC.swift; sourceTree = "<group>"; };
		84D46D0B1DAB4C5100D8E036 /* Base */ = {isa = PBXFileReference; lastKnownFileType = file.storyboard; name = Base; path = Base.lproj/Main.storyboard; sourceTree = "<group>"; };
		84D46D0D1DAB4C5100D8E036 /* Assets.xcassets */ = {isa = PBXFileReference; lastKnownFileType = folder.assetcatalog; path = Assets.xcassets; sourceTree = "<group>"; };
		84D46D101DAB4C5100D8E036 /* Base */ = {isa = PBXFileReference; lastKnownFileType = file.storyboard; name = Base; path = Base.lproj/LaunchScreen.storyboard; sourceTree = "<group>"; };
		84D46D121DAB4C5100D8E036 /* Info.plist */ = {isa = PBXFileReference; lastKnownFileType = text.plist.xml; path = Info.plist; sourceTree = "<group>"; };
		84D46D181DAB4D2D00D8E036 /* GoogleService-Info.plist */ = {isa = PBXFileReference; fileEncoding = 4; lastKnownFileType = text.plist.xml; path = "GoogleService-Info.plist"; sourceTree = "<group>"; };
		A5D9F085865A3E7CF162A065 /* Pods-Pinache.debug.xcconfig */ = {isa = PBXFileReference; includeInIndex = 1; lastKnownFileType = text.xcconfig; name = "Pods-Pinache.debug.xcconfig"; path = "Pods/Target Support Files/Pods-Pinache/Pods-Pinache.debug.xcconfig"; sourceTree = "<group>"; };
		C1C0EA5879B2C326FC15EB2B /* Pods_Pinache.framework */ = {isa = PBXFileReference; explicitFileType = wrapper.framework; includeInIndex = 0; path = Pods_Pinache.framework; sourceTree = BUILT_PRODUCTS_DIR; };
/* End PBXFileReference section */

/* Begin PBXFrameworksBuildPhase section */
		84D46D001DAB4C5000D8E036 /* Frameworks */ = {
			isa = PBXFrameworksBuildPhase;
			buildActionMask = 2147483647;
			files = (
				68F80045CAF0C9D3F18C3EE5 /* Pods_Pinache.framework in Frameworks */,
			);
			runOnlyForDeploymentPostprocessing = 0;
		};
/* End PBXFrameworksBuildPhase section */

/* Begin PBXGroup section */
		46D0CED4CF2964B3FFCE4495 /* Frameworks */ = {
			isa = PBXGroup;
			children = (
				C1C0EA5879B2C326FC15EB2B /* Pods_Pinache.framework */,
			);
			name = Frameworks;
			sourceTree = "<group>";
		};
		841EF6F41DAB61A1005C4D16 /* Util */ = {
			isa = PBXGroup;
			children = (
				841EF6F51DAB61BE005C4D16 /* Constants.swift */,
			);
			name = Util;
			sourceTree = "<group>";
		};
		8437B0161DAC502C00585B47 /* Services */ = {
			isa = PBXGroup;
			children = (
				8437B0171DAC504500585B47 /* DataService.swift */,
			);
			name = Services;
			sourceTree = "<group>";
		};
		84D46CFA1DAB4C5000D8E036 = {
			isa = PBXGroup;
			children = (
				84D46D051DAB4C5000D8E036 /* Pinache */,
				84D46D041DAB4C5000D8E036 /* Products */,
				ABDCAA6737568082A72F26F2 /* Pods */,
				46D0CED4CF2964B3FFCE4495 /* Frameworks */,
			);
			sourceTree = "<group>";
		};
		84D46D041DAB4C5000D8E036 /* Products */ = {
			isa = PBXGroup;
			children = (
				84D46D031DAB4C5000D8E036 /* Pinache.app */,
			);
			name = Products;
			sourceTree = "<group>";
		};
		84D46D051DAB4C5000D8E036 /* Pinache */ = {
			isa = PBXGroup;
			children = (
				8437B0161DAC502C00585B47 /* Services */,
				84A124141DAB7CA10036A299 /* Pinache.entitlements */,
				841EF6F41DAB61A1005C4D16 /* Util */,
				84D46D1C1DAB4FA900D8E036 /* Model */,
				84D46D1B1DAB4FA300D8E036 /* View */,
				84D46D1A1DAB4F9C00D8E036 /* Controller */,
				84D46D061DAB4C5000D8E036 /* AppDelegate.swift */,
				84D46D0A1DAB4C5100D8E036 /* Main.storyboard */,
				84D46D0D1DAB4C5100D8E036 /* Assets.xcassets */,
				84D46D0F1DAB4C5100D8E036 /* LaunchScreen.storyboard */,
				84D46D121DAB4C5100D8E036 /* Info.plist */,
				84D46D181DAB4D2D00D8E036 /* GoogleService-Info.plist */,
			);
			path = Pinache;
			sourceTree = "<group>";
		};
		84D46D1A1DAB4F9C00D8E036 /* Controller */ = {
			isa = PBXGroup;
			children = (
				84D46D081DAB4C5000D8E036 /* SignInVC.swift */,
				8437B0101DAC195300585B47 /* FeedVC.swift */,
			);
			name = Controller;
			sourceTree = "<group>";
		};
		84D46D1B1DAB4FA300D8E036 /* View */ = {
			isa = PBXGroup;
			children = (
				841EF6F21DAB60BD005C4D16 /* FancyView.swift */,
				841EF6F71DAB63B1005C4D16 /* RoundBtn.swift */,
				841EF6F91DAB65AE005C4D16 /* FancyField.swift */,
				841EF6FB1DAB6727005C4D16 /* FancyButton.swift */,
				8437B0121DAC34A200585B47 /* CircleView.swift */,
				8437B0141DAC3EF300585B47 /* PostCell.swift */,
			);
			name = View;
			sourceTree = "<group>";
		};
		84D46D1C1DAB4FA900D8E036 /* Model */ = {
			isa = PBXGroup;
			children = (
			);
			name = Model;
			sourceTree = "<group>";
		};
		ABDCAA6737568082A72F26F2 /* Pods */ = {
			isa = PBXGroup;
			children = (
				A5D9F085865A3E7CF162A065 /* Pods-Pinache.debug.xcconfig */,
				4D4236A182107F4EA77781B0 /* Pods-Pinache.release.xcconfig */,
			);
			name = Pods;
			sourceTree = "<group>";
		};
/* End PBXGroup section */

/* Begin PBXNativeTarget section */
		84D46D021DAB4C5000D8E036 /* Pinache */ = {
			isa = PBXNativeTarget;
			buildConfigurationList = 84D46D151DAB4C5100D8E036 /* Build configuration list for PBXNativeTarget "Pinache" */;
			buildPhases = (
				7023A11C4F081FE8E0CEA277 /* [CP] Check Pods Manifest.lock */,
				84D46CFF1DAB4C5000D8E036 /* Sources */,
				84D46D001DAB4C5000D8E036 /* Frameworks */,
				84D46D011DAB4C5000D8E036 /* Resources */,
				BB5E9DA0AA303ADC60877516 /* [CP] Embed Pods Frameworks */,
				7CA2952E9EBC33054D3E5CDF /* [CP] Copy Pods Resources */,
			);
			buildRules = (
			);
			dependencies = (
			);
			name = Pinache;
			productName = Pinache;
			productReference = 84D46D031DAB4C5000D8E036 /* Pinache.app */;
			productType = "com.apple.product-type.application";
		};
/* End PBXNativeTarget section */

/* Begin PBXProject section */
		84D46CFB1DAB4C5000D8E036 /* Project object */ = {
			isa = PBXProject;
			attributes = {
				LastSwiftUpdateCheck = 0810;
				LastUpgradeCheck = 0810;
				ORGANIZATIONNAME = "Jett Raines";
				TargetAttributes = {
					84D46D021DAB4C5000D8E036 = {
						CreatedOnToolsVersion = 8.1;
						DevelopmentTeam = 23E573245P;
						ProvisioningStyle = Automatic;
						SystemCapabilities = {
							com.apple.Keychain = {
								enabled = 1;
							};
						};
					};
				};
			};
			buildConfigurationList = 84D46CFE1DAB4C5000D8E036 /* Build configuration list for PBXProject "Pinache" */;
			compatibilityVersion = "Xcode 3.2";
			developmentRegion = English;
			hasScannedForEncodings = 0;
			knownRegions = (
				en,
				Base,
			);
			mainGroup = 84D46CFA1DAB4C5000D8E036;
			productRefGroup = 84D46D041DAB4C5000D8E036 /* Products */;
			projectDirPath = "";
			projectRoot = "";
			targets = (
				84D46D021DAB4C5000D8E036 /* Pinache */,
			);
		};
/* End PBXProject section */

/* Begin PBXResourcesBuildPhase section */
		84D46D011DAB4C5000D8E036 /* Resources */ = {
			isa = PBXResourcesBuildPhase;
			buildActionMask = 2147483647;
			files = (
				84D46D111DAB4C5100D8E036 /* LaunchScreen.storyboard in Resources */,
				84D46D191DAB4D2D00D8E036 /* GoogleService-Info.plist in Resources */,
				84D46D0E1DAB4C5100D8E036 /* Assets.xcassets in Resources */,
				84D46D0C1DAB4C5100D8E036 /* Main.storyboard in Resources */,
			);
			runOnlyForDeploymentPostprocessing = 0;
		};
/* End PBXResourcesBuildPhase section */

/* Begin PBXShellScriptBuildPhase section */
		7023A11C4F081FE8E0CEA277 /* [CP] Check Pods Manifest.lock */ = {
			isa = PBXShellScriptBuildPhase;
			buildActionMask = 2147483647;
			files = (
			);
			inputPaths = (
			);
			name = "[CP] Check Pods Manifest.lock";
			outputPaths = (
			);
			runOnlyForDeploymentPostprocessing = 0;
			shellPath = /bin/sh;
			shellScript = "diff \"${PODS_ROOT}/../Podfile.lock\" \"${PODS_ROOT}/Manifest.lock\" > /dev/null\nif [ $? != 0 ] ; then\n    # print error to STDERR\n    echo \"error: The sandbox is not in sync with the Podfile.lock. Run 'pod install' or update your CocoaPods installation.\" >&2\n    exit 1\nfi\n";
			showEnvVarsInLog = 0;
		};
		7CA2952E9EBC33054D3E5CDF /* [CP] Copy Pods Resources */ = {
			isa = PBXShellScriptBuildPhase;
			buildActionMask = 2147483647;
			files = (
			);
			inputPaths = (
			);
			name = "[CP] Copy Pods Resources";
			outputPaths = (
			);
			runOnlyForDeploymentPostprocessing = 0;
			shellPath = /bin/sh;
			shellScript = "\"${SRCROOT}/Pods/Target Support Files/Pods-Pinache/Pods-Pinache-resources.sh\"\n";
			showEnvVarsInLog = 0;
		};
		BB5E9DA0AA303ADC60877516 /* [CP] Embed Pods Frameworks */ = {
			isa = PBXShellScriptBuildPhase;
			buildActionMask = 2147483647;
			files = (
			);
			inputPaths = (
			);
			name = "[CP] Embed Pods Frameworks";
			outputPaths = (
			);
			runOnlyForDeploymentPostprocessing = 0;
			shellPath = /bin/sh;
			shellScript = "\"${SRCROOT}/Pods/Target Support Files/Pods-Pinache/Pods-Pinache-frameworks.sh\"\n";
			showEnvVarsInLog = 0;
		};
/* End PBXShellScriptBuildPhase section */

/* Begin PBXSourcesBuildPhase section */
		84D46CFF1DAB4C5000D8E036 /* Sources */ = {
			isa = PBXSourcesBuildPhase;
			buildActionMask = 2147483647;
			files = (
				8437B0131DAC34A200585B47 /* CircleView.swift in Sources */,
				841EF6FA1DAB65AE005C4D16 /* FancyField.swift in Sources */,
				84D46D091DAB4C5000D8E036 /* SignInVC.swift in Sources */,
				841EF6F81DAB63B1005C4D16 /* RoundBtn.swift in Sources */,
				841EF6FC1DAB6727005C4D16 /* FancyButton.swift in Sources */,
				8437B0181DAC504500585B47 /* DataService.swift in Sources */,
				8437B0111DAC195300585B47 /* FeedVC.swift in Sources */,
				84D46D071DAB4C5000D8E036 /* AppDelegate.swift in Sources */,
				841EF6F31DAB60BD005C4D16 /* FancyView.swift in Sources */,
				841EF6F61DAB61BE005C4D16 /* Constants.swift in Sources */,
				8437B0151DAC3EF300585B47 /* PostCell.swift in Sources */,
			);
			runOnlyForDeploymentPostprocessing = 0;
		};
/* End PBXSourcesBuildPhase section */

/* Begin PBXVariantGroup section */
		84D46D0A1DAB4C5100D8E036 /* Main.storyboard */ = {
			isa = PBXVariantGroup;
			children = (
				84D46D0B1DAB4C5100D8E036 /* Base */,
			);
			name = Main.storyboard;
			sourceTree = "<group>";
		};
		84D46D0F1DAB4C5100D8E036 /* LaunchScreen.storyboard */ = {
			isa = PBXVariantGroup;
			children = (
				84D46D101DAB4C5100D8E036 /* Base */,
			);
			name = LaunchScreen.storyboard;
			sourceTree = "<group>";
		};
/* End PBXVariantGroup section */

/* Begin XCBuildConfiguration section */
		84D46D131DAB4C5100D8E036 /* Debug */ = {
			isa = XCBuildConfiguration;
			buildSettings = {
				ALWAYS_SEARCH_USER_PATHS = NO;
				CLANG_ANALYZER_NONNULL = YES;
				CLANG_CXX_LANGUAGE_STANDARD = "gnu++0x";
				CLANG_CXX_LIBRARY = "libc++";
				CLANG_ENABLE_MODULES = YES;
				CLANG_ENABLE_OBJC_ARC = YES;
				CLANG_WARN_BOOL_CONVERSION = YES;
				CLANG_WARN_CONSTANT_CONVERSION = YES;
				CLANG_WARN_DIRECT_OBJC_ISA_USAGE = YES_ERROR;
				CLANG_WARN_DOCUMENTATION_COMMENTS = YES;
				CLANG_WARN_EMPTY_BODY = YES;
				CLANG_WARN_ENUM_CONVERSION = YES;
				CLANG_WARN_INFINITE_RECURSION = YES;
				CLANG_WARN_INT_CONVERSION = YES;
				CLANG_WARN_OBJC_ROOT_CLASS = YES_ERROR;
				CLANG_WARN_SUSPICIOUS_MOVES = YES;
				CLANG_WARN_UNREACHABLE_CODE = YES;
				CLANG_WARN__DUPLICATE_METHOD_MATCH = YES;
				"CODE_SIGN_IDENTITY[sdk=iphoneos*]" = "iPhone Developer";
				COPY_PHASE_STRIP = NO;
				DEBUG_INFORMATION_FORMAT = dwarf;
				ENABLE_STRICT_OBJC_MSGSEND = YES;
				ENABLE_TESTABILITY = YES;
				GCC_C_LANGUAGE_STANDARD = gnu99;
				GCC_DYNAMIC_NO_PIC = NO;
				GCC_NO_COMMON_BLOCKS = YES;
				GCC_OPTIMIZATION_LEVEL = 0;
				GCC_PREPROCESSOR_DEFINITIONS = (
					"DEBUG=1",
					"$(inherited)",
				);
				GCC_WARN_64_TO_32_BIT_CONVERSION = YES;
				GCC_WARN_ABOUT_RETURN_TYPE = YES_ERROR;
				GCC_WARN_UNDECLARED_SELECTOR = YES;
				GCC_WARN_UNINITIALIZED_AUTOS = YES_AGGRESSIVE;
				GCC_WARN_UNUSED_FUNCTION = YES;
				GCC_WARN_UNUSED_VARIABLE = YES;
				IPHONEOS_DEPLOYMENT_TARGET = 10.1;
				MTL_ENABLE_DEBUG_INFO = YES;
				ONLY_ACTIVE_ARCH = YES;
				SDKROOT = iphoneos;
				SWIFT_ACTIVE_COMPILATION_CONDITIONS = DEBUG;
				SWIFT_OPTIMIZATION_LEVEL = "-Onone";
				TARGETED_DEVICE_FAMILY = "1,2";
			};
			name = Debug;
		};
		84D46D141DAB4C5100D8E036 /* Release */ = {
			isa = XCBuildConfiguration;
			buildSettings = {
				ALWAYS_SEARCH_USER_PATHS = NO;
				CLANG_ANALYZER_NONNULL = YES;
				CLANG_CXX_LANGUAGE_STANDARD = "gnu++0x";
				CLANG_CXX_LIBRARY = "libc++";
				CLANG_ENABLE_MODULES = YES;
				CLANG_ENABLE_OBJC_ARC = YES;
				CLANG_WARN_BOOL_CONVERSION = YES;
				CLANG_WARN_CONSTANT_CONVERSION = YES;
				CLANG_WARN_DIRECT_OBJC_ISA_USAGE = YES_ERROR;
				CLANG_WARN_DOCUMENTATION_COMMENTS = YES;
				CLANG_WARN_EMPTY_BODY = YES;
				CLANG_WARN_ENUM_CONVERSION = YES;
				CLANG_WARN_INFINITE_RECURSION = YES;
				CLANG_WARN_INT_CONVERSION = YES;
				CLANG_WARN_OBJC_ROOT_CLASS = YES_ERROR;
				CLANG_WARN_SUSPICIOUS_MOVES = YES;
				CLANG_WARN_UNREACHABLE_CODE = YES;
				CLANG_WARN__DUPLICATE_METHOD_MATCH = YES;
				"CODE_SIGN_IDENTITY[sdk=iphoneos*]" = "iPhone Developer";
				COPY_PHASE_STRIP = NO;
				DEBUG_INFORMATION_FORMAT = "dwarf-with-dsym";
				ENABLE_NS_ASSERTIONS = NO;
				ENABLE_STRICT_OBJC_MSGSEND = YES;
				GCC_C_LANGUAGE_STANDARD = gnu99;
				GCC_NO_COMMON_BLOCKS = YES;
				GCC_WARN_64_TO_32_BIT_CONVERSION = YES;
				GCC_WARN_ABOUT_RETURN_TYPE = YES_ERROR;
				GCC_WARN_UNDECLARED_SELECTOR = YES;
				GCC_WARN_UNINITIALIZED_AUTOS = YES_AGGRESSIVE;
				GCC_WARN_UNUSED_FUNCTION = YES;
				GCC_WARN_UNUSED_VARIABLE = YES;
				IPHONEOS_DEPLOYMENT_TARGET = 10.1;
				MTL_ENABLE_DEBUG_INFO = NO;
				SDKROOT = iphoneos;
				SWIFT_OPTIMIZATION_LEVEL = "-Owholemodule";
				TARGETED_DEVICE_FAMILY = "1,2";
				VALIDATE_PRODUCT = YES;
			};
			name = Release;
		};
		84D46D161DAB4C5100D8E036 /* Debug */ = {
			isa = XCBuildConfiguration;
			baseConfigurationReference = A5D9F085865A3E7CF162A065 /* Pods-Pinache.debug.xcconfig */;
			buildSettings = {
				ASSETCATALOG_COMPILER_APPICON_NAME = AppIcon;
				CODE_SIGN_ENTITLEMENTS = Pinache/Pinache.entitlements;
				DEVELOPMENT_TEAM = 23E573245P;
				FRAMEWORK_SEARCH_PATHS = (
					"$(inherited)",
					"$(PROJECT_DIR)",
				);
				INFOPLIST_FILE = Pinache/Info.plist;
				IPHONEOS_DEPLOYMENT_TARGET = 10.0;
				LD_RUNPATH_SEARCH_PATHS = "$(inherited) @executable_path/Frameworks";
				PRODUCT_BUNDLE_IDENTIFIER = com.jettraines.Pinache;
				PRODUCT_NAME = "$(TARGET_NAME)";
				SWIFT_VERSION = 3.0;
			};
			name = Debug;
		};
		84D46D171DAB4C5100D8E036 /* Release */ = {
			isa = XCBuildConfiguration;
			baseConfigurationReference = 4D4236A182107F4EA77781B0 /* Pods-Pinache.release.xcconfig */;
			buildSettings = {
				ASSETCATALOG_COMPILER_APPICON_NAME = AppIcon;
				CODE_SIGN_ENTITLEMENTS = Pinache/Pinache.entitlements;
				DEVELOPMENT_TEAM = 23E573245P;
				FRAMEWORK_SEARCH_PATHS = (
					"$(inherited)",
					"$(PROJECT_DIR)",
				);
				INFOPLIST_FILE = Pinache/Info.plist;
				IPHONEOS_DEPLOYMENT_TARGET = 10.0;
				LD_RUNPATH_SEARCH_PATHS = "$(inherited) @executable_path/Frameworks";
				PRODUCT_BUNDLE_IDENTIFIER = com.jettraines.Pinache;
				PRODUCT_NAME = "$(TARGET_NAME)";
				SWIFT_VERSION = 3.0;
			};
			name = Release;
		};
/* End XCBuildConfiguration section */

/* Begin XCConfigurationList section */
		84D46CFE1DAB4C5000D8E036 /* Build configuration list for PBXProject "Pinache" */ = {
			isa = XCConfigurationList;
			buildConfigurations = (
				84D46D131DAB4C5100D8E036 /* Debug */,
				84D46D141DAB4C5100D8E036 /* Release */,
			);
			defaultConfigurationIsVisible = 0;
			defaultConfigurationName = Release;
		};
		84D46D151DAB4C5100D8E036 /* Build configuration list for PBXNativeTarget "Pinache" */ = {
			isa = XCConfigurationList;
			buildConfigurations = (
				84D46D161DAB4C5100D8E036 /* Debug */,
				84D46D171DAB4C5100D8E036 /* Release */,
			);
			defaultConfigurationIsVisible = 0;
			defaultConfigurationName = Release;
		};
/* End XCConfigurationList section */
	};
	rootObject = 84D46CFB1DAB4C5000D8E036 /* Project object */;
}
